
Microsoft Visual Studio Solution File, Format Version 12.00
# Visual Studio 2013
VisualStudioVersion = 12.0.40629.0
MinimumVisualStudioVersion = 10.0.40219.1
Project("{8BC9CEB8-8B4A-11D0-8D11-00A0C91BC942}") = "200p", "200p\200p.vcxproj", "{AA3AEEE8-16F6-4736-A06D-F758F5B79234}"
EndProject
Global
	GlobalSection(SolutionConfigurationPlatforms) = preSolution
		Debug|Win32 = Debug|Win32
		Release|Win32 = Release|Win32
	EndGlobalSection
	GlobalSection(ProjectConfigurationPlatforms) = postSolution
		{AA3AEEE8-16F6-4736-A06D-F758F5B79234}.Debug|Win32.ActiveCfg = Debug|Win32
		{AA3AEEE8-16F6-4736-A06D-F758F5B79234}.Debug|Win32.Build.0 = Debug|Win32
		{AA3AEEE8-16F6-4736-A06D-F758F5B79234}.Release|Win32.ActiveCfg = Release|Win32
		{AA3AEEE8-16F6-4736-A06D-F758F5B79234}.Release|Win32.Build.0 = Release|Win32
	EndGlobalSection
	GlobalSection(SolutionProperties) = preSolution
		HideSolutionNode = FALSE
	EndGlobalSection
EndGlobal
