
Microsoft Visual Studio Solution File, Format Version 12.00
# Visual Studio 2013
VisualStudioVersion = 12.0.40629.0
MinimumVisualStudioVersion = 10.0.40219.1
Project("{8BC9CEB8-8B4A-11D0-8D11-00A0C91BC942}") = "253-15", "253-15\253-15.vcxproj", "{F09AC4C3-005D-49BE-B1FA-9098F3161D9C}"
EndProject
Global
	GlobalSection(SolutionConfigurationPlatforms) = preSolution
		Debug|Win32 = Debug|Win32
		Release|Win32 = Release|Win32
	EndGlobalSection
	GlobalSection(ProjectConfigurationPlatforms) = postSolution
		{F09AC4C3-005D-49BE-B1FA-9098F3161D9C}.Debug|Win32.ActiveCfg = Debug|Win32
		{F09AC4C3-005D-49BE-B1FA-9098F3161D9C}.Debug|Win32.Build.0 = Debug|Win32
		{F09AC4C3-005D-49BE-B1FA-9098F3161D9C}.Release|Win32.ActiveCfg = Release|Win32
		{F09AC4C3-005D-49BE-B1FA-9098F3161D9C}.Release|Win32.Build.0 = Release|Win32
	EndGlobalSection
	GlobalSection(SolutionProperties) = preSolution
		HideSolutionNode = FALSE
	EndGlobalSection
EndGlobal
