
Microsoft Visual Studio Solution File, Format Version 12.00
# Visual Studio 2013
VisualStudioVersion = 12.0.40629.0
MinimumVisualStudioVersion = 10.0.40219.1
Project("{8BC9CEB8-8B4A-11D0-8D11-00A0C91BC942}") = "100p", "100p\100p.vcxproj", "{8032B3DB-3A81-46D0-A17A-5426A2E839D6}"
EndProject
Global
	GlobalSection(SolutionConfigurationPlatforms) = preSolution
		Debug|Win32 = Debug|Win32
		Release|Win32 = Release|Win32
	EndGlobalSection
	GlobalSection(ProjectConfigurationPlatforms) = postSolution
		{8032B3DB-3A81-46D0-A17A-5426A2E839D6}.Debug|Win32.ActiveCfg = Debug|Win32
		{8032B3DB-3A81-46D0-A17A-5426A2E839D6}.Debug|Win32.Build.0 = Debug|Win32
		{8032B3DB-3A81-46D0-A17A-5426A2E839D6}.Release|Win32.ActiveCfg = Release|Win32
		{8032B3DB-3A81-46D0-A17A-5426A2E839D6}.Release|Win32.Build.0 = Release|Win32
	EndGlobalSection
	GlobalSection(SolutionProperties) = preSolution
		HideSolutionNode = FALSE
	EndGlobalSection
EndGlobal
